
Microsoft Visual Studio Solution File, Format Version 12.00
# Visual Studio Version 16
VisualStudioVersion = 25.0.1704.3
MinimumVisualStudioVersion = 10.0.40219.1
Project("{FAE04EC0-301F-11D3-BF4B-00C04F79EFBC}") = "DemoDI.Android", "DemoDI\DemoDI.Android\DemoDI.Android.csproj", "{60292AD3-05A9-48B6-AC8F-2BFB38C9E1E7}"
EndProject
Project("{FAE04EC0-301F-11D3-BF4B-00C04F79EFBC}") = "DemoDI.iOS", "DemoDI\DemoDI.iOS\DemoDI.iOS.csproj", "{18B98C07-E17B-4509-AA1F-45285161340F}"
EndProject
Project("{FAE04EC0-301F-11D3-BF4B-00C04F79EFBC}") = "DemoDI", "DemoDI\DemoDI\DemoDI.csproj", "{02D4F02A-22E9-491A-93B9-5AB7566F90B7}"
EndProject
Global
	GlobalSection(SolutionConfigurationPlatforms) = preSolution
		Debug|Any CPU = Debug|Any CPU
		Release|Any CPU = Release|Any CPU
		Debug|iPhoneSimulator = Debug|iPhoneSimulator
		Release|iPhoneSimulator = Release|iPhoneSimulator
		Debug|iPhone = Debug|iPhone
		Release|iPhone = Release|iPhone
	EndGlobalSection
	GlobalSection(ProjectConfigurationPlatforms) = postSolution
		{60292AD3-05A9-48B6-AC8F-2BFB38C9E1E7}.Debug|Any CPU.ActiveCfg = Debug|Any CPU
		{60292AD3-05A9-48B6-AC8F-2BFB38C9E1E7}.Debug|Any CPU.Build.0 = Debug|Any CPU
		{60292AD3-05A9-48B6-AC8F-2BFB38C9E1E7}.Release|Any CPU.ActiveCfg = Release|Any CPU
		{60292AD3-05A9-48B6-AC8F-2BFB38C9E1E7}.Release|Any CPU.Build.0 = Release|Any CPU
		{60292AD3-05A9-48B6-AC8F-2BFB38C9E1E7}.Debug|iPhoneSimulator.ActiveCfg = Debug|Any CPU
		{60292AD3-05A9-48B6-AC8F-2BFB38C9E1E7}.Debug|iPhoneSimulator.Build.0 = Debug|Any CPU
		{60292AD3-05A9-48B6-AC8F-2BFB38C9E1E7}.Release|iPhoneSimulator.ActiveCfg = Release|Any CPU
		{60292AD3-05A9-48B6-AC8F-2BFB38C9E1E7}.Release|iPhoneSimulator.Build.0 = Release|Any CPU
		{60292AD3-05A9-48B6-AC8F-2BFB38C9E1E7}.Debug|iPhone.ActiveCfg = Debug|Any CPU
		{60292AD3-05A9-48B6-AC8F-2BFB38C9E1E7}.Debug|iPhone.Build.0 = Debug|Any CPU
		{60292AD3-05A9-48B6-AC8F-2BFB38C9E1E7}.Release|iPhone.ActiveCfg = Release|Any CPU
		{60292AD3-05A9-48B6-AC8F-2BFB38C9E1E7}.Release|iPhone.Build.0 = Release|Any CPU
		{18B98C07-E17B-4509-AA1F-45285161340F}.Debug|Any CPU.ActiveCfg = Debug|iPhoneSimulator
		{18B98C07-E17B-4509-AA1F-45285161340F}.Debug|Any CPU.Build.0 = Debug|iPhoneSimulator
		{18B98C07-E17B-4509-AA1F-45285161340F}.Release|Any CPU.ActiveCfg = Release|iPhoneSimulator
		{18B98C07-E17B-4509-AA1F-45285161340F}.Release|Any CPU.Build.0 = Release|iPhoneSimulator
		{18B98C07-E17B-4509-AA1F-45285161340F}.Debug|iPhoneSimulator.ActiveCfg = Debug|iPhoneSimulator
		{18B98C07-E17B-4509-AA1F-45285161340F}.Debug|iPhoneSimulator.Build.0 = Debug|iPhoneSimulator
		{18B98C07-E17B-4509-AA1F-45285161340F}.Release|iPhoneSimulator.ActiveCfg = Release|iPhoneSimulator
		{18B98C07-E17B-4509-AA1F-45285161340F}.Release|iPhoneSimulator.Build.0 = Release|iPhoneSimulator
		{18B98C07-E17B-4509-AA1F-45285161340F}.Debug|iPhone.ActiveCfg = Debug|iPhone
		{18B98C07-E17B-4509-AA1F-45285161340F}.Debug|iPhone.Build.0 = Debug|iPhone
		{18B98C07-E17B-4509-AA1F-45285161340F}.Release|iPhone.ActiveCfg = Release|iPhone
		{18B98C07-E17B-4509-AA1F-45285161340F}.Release|iPhone.Build.0 = Release|iPhone
		{02D4F02A-22E9-491A-93B9-5AB7566F90B7}.Debug|Any CPU.ActiveCfg = Debug|Any CPU
		{02D4F02A-22E9-491A-93B9-5AB7566F90B7}.Debug|Any CPU.Build.0 = Debug|Any CPU
		{02D4F02A-22E9-491A-93B9-5AB7566F90B7}.Release|Any CPU.ActiveCfg = Release|Any CPU
		{02D4F02A-22E9-491A-93B9-5AB7566F90B7}.Release|Any CPU.Build.0 = Release|Any CPU
		{02D4F02A-22E9-491A-93B9-5AB7566F90B7}.Debug|iPhoneSimulator.ActiveCfg = Debug|Any CPU
		{02D4F02A-22E9-491A-93B9-5AB7566F90B7}.Debug|iPhoneSimulator.Build.0 = Debug|Any CPU
		{02D4F02A-22E9-491A-93B9-5AB7566F90B7}.Release|iPhoneSimulator.ActiveCfg = Release|Any CPU
		{02D4F02A-22E9-491A-93B9-5AB7566F90B7}.Release|iPhoneSimulator.Build.0 = Release|Any CPU
		{02D4F02A-22E9-491A-93B9-5AB7566F90B7}.Debug|iPhone.ActiveCfg = Debug|Any CPU
		{02D4F02A-22E9-491A-93B9-5AB7566F90B7}.Debug|iPhone.Build.0 = Debug|Any CPU
		{02D4F02A-22E9-491A-93B9-5AB7566F90B7}.Release|iPhone.ActiveCfg = Release|Any CPU
		{02D4F02A-22E9-491A-93B9-5AB7566F90B7}.Release|iPhone.Build.0 = Release|Any CPU
	EndGlobalSection
	GlobalSection(SolutionProperties) = preSolution
		HideSolutionNode = FALSE
	EndGlobalSection
	GlobalSection(ExtensibilityGlobals) = postSolution
		SolutionGuid = {A4FCDA75-C900-4AC1-AD30-9C3085C78E12}
	EndGlobalSection
EndGlobal
